
Microsoft Visual Studio Solution File, Format Version 12.00
# Visual Studio 2012
Project("{FAE04EC0-301F-11D3-BF4B-00C04F79EFBC}") = "Models", "Models\Models.csproj", "{27949E19-643A-465D-8D67-3A5A7924F7A5}"
EndProject
Project("{FAE04EC0-301F-11D3-BF4B-00C04F79EFBC}") = "DataLayer", "DataLayer\DataLayer.csproj", "{0457833C-8CD8-413F-837C-691796F24BC2}"
EndProject
Project("{FAE04EC0-301F-11D3-BF4B-00C04F79EFBC}") = "Web", "Web\Web.csproj", "{3F24AA08-1304-49AE-9733-2D630BF51F86}"
EndProject
Global
	GlobalSection(SolutionConfigurationPlatforms) = preSolution
		Debug|Any CPU = Debug|Any CPU
		Release|Any CPU = Release|Any CPU
	EndGlobalSection
	GlobalSection(ProjectConfigurationPlatforms) = postSolution
		{27949E19-643A-465D-8D67-3A5A7924F7A5}.Debug|Any CPU.ActiveCfg = Debug|Any CPU
		{27949E19-643A-465D-8D67-3A5A7924F7A5}.Debug|Any CPU.Build.0 = Debug|Any CPU
		{27949E19-643A-465D-8D67-3A5A7924F7A5}.Release|Any CPU.ActiveCfg = Release|Any CPU
		{27949E19-643A-465D-8D67-3A5A7924F7A5}.Release|Any CPU.Build.0 = Release|Any CPU
		{0457833C-8CD8-413F-837C-691796F24BC2}.Debug|Any CPU.ActiveCfg = Debug|Any CPU
		{0457833C-8CD8-413F-837C-691796F24BC2}.Debug|Any CPU.Build.0 = Debug|Any CPU
		{0457833C-8CD8-413F-837C-691796F24BC2}.Release|Any CPU.ActiveCfg = Release|Any CPU
		{0457833C-8CD8-413F-837C-691796F24BC2}.Release|Any CPU.Build.0 = Release|Any CPU
		{3F24AA08-1304-49AE-9733-2D630BF51F86}.Debug|Any CPU.ActiveCfg = Debug|Any CPU
		{3F24AA08-1304-49AE-9733-2D630BF51F86}.Debug|Any CPU.Build.0 = Debug|Any CPU
		{3F24AA08-1304-49AE-9733-2D630BF51F86}.Release|Any CPU.ActiveCfg = Release|Any CPU
		{3F24AA08-1304-49AE-9733-2D630BF51F86}.Release|Any CPU.Build.0 = Release|Any CPU
	EndGlobalSection
	GlobalSection(SolutionProperties) = preSolution
		HideSolutionNode = FALSE
	EndGlobalSection
EndGlobal
